
Microsoft Visual Studio Solution File, Format Version 11.00
# Visual Studio 2010
Project("{8BC9CEB8-8B4A-11D0-8D11-00A0C91BC942}") = "WaterSim2", "WaterSim2\WaterSim2.vcxproj", "{05405375-1AF1-4ABC-8350-5F9741066D9A}"
EndProject
Global
	GlobalSection(SolutionConfigurationPlatforms) = preSolution
		Debug|Win32 = Debug|Win32
		Release|Win32 = Release|Win32
	EndGlobalSection
	GlobalSection(ProjectConfigurationPlatforms) = postSolution
		{05405375-1AF1-4ABC-8350-5F9741066D9A}.Debug|Win32.ActiveCfg = Debug|Win32
		{05405375-1AF1-4ABC-8350-5F9741066D9A}.Debug|Win32.Build.0 = Debug|Win32
		{05405375-1AF1-4ABC-8350-5F9741066D9A}.Release|Win32.ActiveCfg = Release|Win32
		{05405375-1AF1-4ABC-8350-5F9741066D9A}.Release|Win32.Build.0 = Release|Win32
	EndGlobalSection
	GlobalSection(SolutionProperties) = preSolution
		HideSolutionNode = FALSE
	EndGlobalSection
EndGlobal
